<?xml version="1.0" encoding="utf-8"?>
<Project ToolsVersion="4.0" xmlns="http://schemas.microsoft.com/developer/msbuild/2003">
  <ItemGroup>
    <Filter Include="Source Files">
      <UniqueIdentifier>{4FC737F1-C7A5-4376-A066-2A32D752A2FF}</UniqueIdentifier>
      <Extensions>cpp;c;cc;cxx;def;odl;idl;hpj;bat;asm;asmx</Extensions>
    </Filter>
    <Filter Include="Header Files">
      <UniqueIdentifier>{93995380-89BD-4b04-88EB-625FBE52EBFB}</UniqueIdentifier>
      <Extensions>h;hh;hpp;hxx;hm;inl;inc;xsd</Extensions>
    </Filter>
    <Filter Include="Resource Files">
      <UniqueIdentifier>{67DA6AB6-F800-4c08-8B7A-83BB121AAD01}</UniqueIdentifier>
      <Extensions>rc;ico;cur;bmp;dlg;rc2;rct;bin;rgs;gif;jpg;jpeg;jpe;resx;tiff;tif;png;wav;mfcribbon-ms</Extensions>
    </Filter>
  </ItemGroup>
  <ItemGroup>
    <Text Include="readme.txt" />
  </ItemGroup>
  <ItemGroup>
    <ClInclude Include="include\Intellisense.h">
      <Filter>Header Files</Filter>
    </ClInclude>
    <ClInclude Include="include\gba_Math.h">
      <Filter>Header Files</Filter>
    </ClInclude>
    <ClInclude Include="include\ParticleEffects.h">
      <Filter>Header Files</Filter>
    </ClInclude>
    <ClInclude Include="include\gba_Video.h">
      <Filter>Header Files</Filter>
    </ClInclude>
    <ClInclude Include="include\gba_OAM.h">
      <Filter>Header Files</Filter>
    </ClInclude>
    <ClInclude Include="include\gba_Drawings.h">
      <Filter>Header Files</Filter>
    </ClInclude>
    <ClInclude Include="include\gba_MathUtil.h">
      <Filter>Header Files</Filter>
    </ClInclude>
    <ClInclude Include="include\gba_Input.h">
      <Filter>Header Files</Filter>
    </ClInclude>
    <ClInclude Include="include\gba_Defines.h">
      <Filter>Header Files</Filter>
    </ClInclude>
    <ClInclude Include="include\gba_Assets.h">
      <Filter>Header Files</Filter>
    </ClInclude>
    <ClInclude Include="include\gba_Core.h">
      <Filter>Header Files</Filter>
    </ClInclude>
    <ClInclude Include="include\gba_Collision.h">
      <Filter>Header Files</Filter>
    </ClInclude>
    <ClInclude Include="include\GameStates.h">
      <Filter>Header Files</Filter>
    </ClInclude>
    <ClInclude Include="include\Pause.h">
      <Filter>Resource Files</Filter>
    </ClInclude>
    <ClInclude Include="include\MainMenu.h">
      <Filter>Resource Files</Filter>
    </ClInclude>
    <ClInclude Include="include\particles.h">
      <Filter>Resource Files</Filter>
    </ClInclude>
    <ClInclude Include="include\sinlut.h">
      <Filter>Resource Files</Filter>
    </ClInclude>
    <ClInclude Include="include\PlayerSprite1.h">
      <Filter>Resource Files</Filter>
    </ClInclude>
    <ClInclude Include="include\BG_Tiles.h">
      <Filter>Resource Files</Filter>
    </ClInclude>
    <ClInclude Include="include\BG_Palette.h">
      <Filter>Resource Files</Filter>
    </ClInclude>
    <ClInclude Include="include\BG_Maps.h">
      <Filter>Resource Files</Filter>
    </ClInclude>
    <ClInclude Include="include\gba_Background.h">
      <Filter>Header Files</Filter>
    </ClInclude>
    <ClInclude Include="include\BG_Collisions.h">
      <Filter>Resource Files</Filter>
    </ClInclude>
    <ClInclude Include="include\Intro1.h">
      <Filter>Resource Files</Filter>
    </ClInclude>
    <ClInclude Include="include\Intro5.h">
      <Filter>Resource Files</Filter>
    </ClInclude>
    <ClInclude Include="include\Intro4.h">
      <Filter>Resource Files</Filter>
    </ClInclude>
    <ClInclude Include="include\Intro3.h">
      <Filter>Resource Files</Filter>
    </ClInclude>
    <ClInclude Include="include\Intro2.h">
      <Filter>Resource Files</Filter>
    </ClInclude>
    <ClInclude Include="include\SeasonTree.h">
      <Filter>Resource Files</Filter>
    </ClInclude>
  </ItemGroup>
  <ItemGroup>
    <ClCompile Include="source\main.c">
      <Filter>Source Files</Filter>
    </ClCompile>
    <ClCompile Include="source\ParticleEffects.c">
      <Filter>Source Files</Filter>
    </ClCompile>
    <ClCompile Include="source\gba_Drawings.c">
      <Filter>Source Files</Filter>
    </ClCompile>
    <ClCompile Include="source\gba_Video.c">
      <Filter>Source Files</Filter>
    </ClCompile>
    <ClCompile Include="source\gba_OAM.c">
      <Filter>Source Files</Filter>
    </ClCompile>
    <ClCompile Include="source\gba_Input.c">
      <Filter>Source Files</Filter>
    </ClCompile>
    <ClCompile Include="source\gba_Math.c">
      <Filter>Source Files</Filter>
    </ClCompile>
    <ClCompile Include="source\gba_MathUtil.c">
      <Filter>Source Files</Filter>
    </ClCompile>
    <ClCompile Include="source\gba_Collision.c">
      <Filter>Source Files</Filter>
    </ClCompile>
    <ClCompile Include="source\GameStates.c">
      <Filter>Source Files</Filter>
    </ClCompile>
    <ClCompile Include="source\Pause.c">
      <Filter>Resource Files</Filter>
    </ClCompile>
    <ClCompile Include="source\MainMenu.c">
      <Filter>Resource Files</Filter>
    </ClCompile>
    <ClCompile Include="source\particles.c">
      <Filter>Resource Files</Filter>
    </ClCompile>
    <ClCompile Include="source\sinlut.c">
      <Filter>Resource Files</Filter>
    </ClCompile>
    <ClCompile Include="source\PlayerSprite1.c">
      <Filter>Resource Files</Filter>
    </ClCompile>
    <ClCompile Include="source\gba_Background.c">
      <Filter>Source Files</Filter>
    </ClCompile>
    <ClCompile Include="source\Intro1.c">
      <Filter>Resource Files</Filter>
    </ClCompile>
    <ClCompile Include="source\Intro2.c">
      <Filter>Resource Files</Filter>
    </ClCompile>
    <ClCompile Include="source\Intro3.c">
      <Filter>Resource Files</Filter>
    </ClCompile>
    <ClCompile Include="source\Intro4.c">
      <Filter>Resource Files</Filter>
    </ClCompile>
    <ClCompile Include="source\Intro5.c">
      <Filter>Resource Files</Filter>
    </ClCompile>
    <ClCompile Include="source\SeasonTree.c">
      <Filter>Resource Files</Filter>
    </ClCompile>
  </ItemGroup>
  <ItemGroup>
    <None Include="Makefile" />
  </ItemGroup>
</Project>